
Microsoft Visual Studio Solution File, Format Version 12.00
# Visual Studio 2013
VisualStudioVersion = 12.0.30501.0
MinimumVisualStudioVersion = 10.0.40219.1
Project("{FAE04EC0-301F-11D3-BF4B-00C04F79EFBC}") = "Quiron.LojaVirtual.Dominio", "Quiron.LojaVirtual.Dominio\Quiron.LojaVirtual.Dominio.csproj", "{EA013FC0-7BE4-4D7B-B3E7-BEDC173C011C}"
EndProject
Project("{FAE04EC0-301F-11D3-BF4B-00C04F79EFBC}") = "Quiron.LojaVirtual.Web", "Quiron.LojaVirtual.Web\Quiron.LojaVirtual.Web.csproj", "{A119C371-CC8D-4F8B-AF3A-98037BABF7B5}"
EndProject
Project("{FAE04EC0-301F-11D3-BF4B-00C04F79EFBC}") = "Quiron.LojaVirtual.UnitTest", "Quiron.LojaVirtual.UnitTest\Quiron.LojaVirtual.UnitTest.csproj", "{3CC1D6FC-775A-42EB-9927-6BDE26B4AF6A}"
EndProject
Global
	GlobalSection(SolutionConfigurationPlatforms) = preSolution
		Debug|Any CPU = Debug|Any CPU
		Release|Any CPU = Release|Any CPU
	EndGlobalSection
	GlobalSection(ProjectConfigurationPlatforms) = postSolution
		{EA013FC0-7BE4-4D7B-B3E7-BEDC173C011C}.Debug|Any CPU.ActiveCfg = Debug|Any CPU
		{EA013FC0-7BE4-4D7B-B3E7-BEDC173C011C}.Debug|Any CPU.Build.0 = Debug|Any CPU
		{EA013FC0-7BE4-4D7B-B3E7-BEDC173C011C}.Release|Any CPU.ActiveCfg = Release|Any CPU
		{EA013FC0-7BE4-4D7B-B3E7-BEDC173C011C}.Release|Any CPU.Build.0 = Release|Any CPU
		{A119C371-CC8D-4F8B-AF3A-98037BABF7B5}.Debug|Any CPU.ActiveCfg = Debug|Any CPU
		{A119C371-CC8D-4F8B-AF3A-98037BABF7B5}.Debug|Any CPU.Build.0 = Debug|Any CPU
		{A119C371-CC8D-4F8B-AF3A-98037BABF7B5}.Release|Any CPU.ActiveCfg = Release|Any CPU
		{A119C371-CC8D-4F8B-AF3A-98037BABF7B5}.Release|Any CPU.Build.0 = Release|Any CPU
		{3CC1D6FC-775A-42EB-9927-6BDE26B4AF6A}.Debug|Any CPU.ActiveCfg = Debug|Any CPU
		{3CC1D6FC-775A-42EB-9927-6BDE26B4AF6A}.Debug|Any CPU.Build.0 = Debug|Any CPU
		{3CC1D6FC-775A-42EB-9927-6BDE26B4AF6A}.Release|Any CPU.ActiveCfg = Release|Any CPU
		{3CC1D6FC-775A-42EB-9927-6BDE26B4AF6A}.Release|Any CPU.Build.0 = Release|Any CPU
	EndGlobalSection
	GlobalSection(SolutionProperties) = preSolution
		HideSolutionNode = FALSE
	EndGlobalSection
EndGlobal
